
Microsoft Visual Studio Solution File, Format Version 12.00
Project("{FAE04EC0-301F-11D3-BF4B-00C04F79EFBC}") = "Fu.Tests", "Fu.Tests\Fu.Tests.csproj", "{AA7E1A16-3906-499C-988F-FD464B59FF60}"
EndProject
Project("{FAE04EC0-301F-11D3-BF4B-00C04F79EFBC}") = "Fu.Rnd", "Fu.Rnd\Fu.Rnd.csproj", "{66087683-24F9-4544-A13F-B95C2FAD95D8}"
EndProject
Project("{FAE04EC0-301F-11D3-BF4B-00C04F79EFBC}") = "Fu.Math", "Fu.Math\Fu.Math.csproj", "{96F3C0C3-E7E6-48CE-A5FC-CBF0D11FCC45}"
EndProject
Project("{FAE04EC0-301F-11D3-BF4B-00C04F79EFBC}") = "Fu.Seq", "Fu.Seq\Fu.Seq.csproj", "{FC31F6F2-F451-4540-8E32-3E318A87D930}"
EndProject
Project("{FAE04EC0-301F-11D3-BF4B-00C04F79EFBC}") = "Fu.Fn", "Fu.Fn\Fu.Fn.csproj", "{8EA230A7-9104-445F-A52E-583F21682826}"
EndProject
Project("{FAE04EC0-301F-11D3-BF4B-00C04F79EFBC}") = "Fu.Types", "Fu.Types\Fu.Types.csproj", "{02FDF8FE-F0B5-40D2-8983-301D9D7BBE7D}"
EndProject
Project("{FAE04EC0-301F-11D3-BF4B-00C04F79EFBC}") = "Fu.Results", "Fu.Results\Fu.Results.csproj", "{43807015-302B-4090-AF5B-BCBCD2FA8ADD}"
EndProject
Project("{FAE04EC0-301F-11D3-BF4B-00C04F79EFBC}") = "Fu.Math.Godot", "Fu.Math.Godot\Fu.Math.Godot.csproj", "{8F3F1D91-48DE-4B8B-A409-F25E05248448}"
EndProject
Project("{FAE04EC0-301F-11D3-BF4B-00C04F79EFBC}") = "Fu.Math.Phys", "Fu.Math.Phys\Fu.Math.Phys.csproj", "{54E8D79C-FBCF-4EC1-B05D-89C3807E4DBC}"
EndProject
Global
	GlobalSection(SolutionConfigurationPlatforms) = preSolution
		Debug|Any CPU = Debug|Any CPU
		Release|Any CPU = Release|Any CPU
	EndGlobalSection
	GlobalSection(ProjectConfigurationPlatforms) = postSolution
		{AA7E1A16-3906-499C-988F-FD464B59FF60}.Debug|Any CPU.ActiveCfg = Debug|Any CPU
		{AA7E1A16-3906-499C-988F-FD464B59FF60}.Debug|Any CPU.Build.0 = Debug|Any CPU
		{AA7E1A16-3906-499C-988F-FD464B59FF60}.Release|Any CPU.ActiveCfg = Release|Any CPU
		{AA7E1A16-3906-499C-988F-FD464B59FF60}.Release|Any CPU.Build.0 = Release|Any CPU
		{66087683-24F9-4544-A13F-B95C2FAD95D8}.Debug|Any CPU.ActiveCfg = Debug|Any CPU
		{66087683-24F9-4544-A13F-B95C2FAD95D8}.Debug|Any CPU.Build.0 = Debug|Any CPU
		{66087683-24F9-4544-A13F-B95C2FAD95D8}.Release|Any CPU.ActiveCfg = Release|Any CPU
		{66087683-24F9-4544-A13F-B95C2FAD95D8}.Release|Any CPU.Build.0 = Release|Any CPU
		{66087683-24F9-4544-A13F-B95C2FAD95D8}.Debug|Any CPU.Deploy.0 = Debug|Any CPU
		{96F3C0C3-E7E6-48CE-A5FC-CBF0D11FCC45}.Debug|Any CPU.ActiveCfg = Debug|Any CPU
		{96F3C0C3-E7E6-48CE-A5FC-CBF0D11FCC45}.Debug|Any CPU.Build.0 = Debug|Any CPU
		{96F3C0C3-E7E6-48CE-A5FC-CBF0D11FCC45}.Release|Any CPU.ActiveCfg = Release|Any CPU
		{96F3C0C3-E7E6-48CE-A5FC-CBF0D11FCC45}.Release|Any CPU.Build.0 = Release|Any CPU
		{96F3C0C3-E7E6-48CE-A5FC-CBF0D11FCC45}.Debug|Any CPU.Deploy.0 = Debug|Any CPU
		{FC31F6F2-F451-4540-8E32-3E318A87D930}.Debug|Any CPU.ActiveCfg = Debug|Any CPU
		{FC31F6F2-F451-4540-8E32-3E318A87D930}.Debug|Any CPU.Build.0 = Debug|Any CPU
		{FC31F6F2-F451-4540-8E32-3E318A87D930}.Release|Any CPU.ActiveCfg = Release|Any CPU
		{FC31F6F2-F451-4540-8E32-3E318A87D930}.Release|Any CPU.Build.0 = Release|Any CPU
		{8EA230A7-9104-445F-A52E-583F21682826}.Debug|Any CPU.ActiveCfg = Debug|Any CPU
		{8EA230A7-9104-445F-A52E-583F21682826}.Debug|Any CPU.Build.0 = Debug|Any CPU
		{8EA230A7-9104-445F-A52E-583F21682826}.Release|Any CPU.ActiveCfg = Release|Any CPU
		{8EA230A7-9104-445F-A52E-583F21682826}.Release|Any CPU.Build.0 = Release|Any CPU
		{02FDF8FE-F0B5-40D2-8983-301D9D7BBE7D}.Debug|Any CPU.ActiveCfg = Debug|Any CPU
		{02FDF8FE-F0B5-40D2-8983-301D9D7BBE7D}.Debug|Any CPU.Build.0 = Debug|Any CPU
		{02FDF8FE-F0B5-40D2-8983-301D9D7BBE7D}.Release|Any CPU.ActiveCfg = Release|Any CPU
		{02FDF8FE-F0B5-40D2-8983-301D9D7BBE7D}.Release|Any CPU.Build.0 = Release|Any CPU
		{43807015-302B-4090-AF5B-BCBCD2FA8ADD}.Debug|Any CPU.ActiveCfg = Debug|Any CPU
		{43807015-302B-4090-AF5B-BCBCD2FA8ADD}.Debug|Any CPU.Build.0 = Debug|Any CPU
		{43807015-302B-4090-AF5B-BCBCD2FA8ADD}.Release|Any CPU.ActiveCfg = Release|Any CPU
		{43807015-302B-4090-AF5B-BCBCD2FA8ADD}.Release|Any CPU.Build.0 = Release|Any CPU
		{8F3F1D91-48DE-4B8B-A409-F25E05248448}.Debug|Any CPU.ActiveCfg = Debug|Any CPU
		{8F3F1D91-48DE-4B8B-A409-F25E05248448}.Debug|Any CPU.Build.0 = Debug|Any CPU
		{8F3F1D91-48DE-4B8B-A409-F25E05248448}.Release|Any CPU.ActiveCfg = Release|Any CPU
		{8F3F1D91-48DE-4B8B-A409-F25E05248448}.Release|Any CPU.Build.0 = Release|Any CPU
		{8F3F1D91-48DE-4B8B-A409-F25E05248448}.Debug|Any CPU.Deploy.0 = Debug|Any CPU
		{54E8D79C-FBCF-4EC1-B05D-89C3807E4DBC}.Debug|Any CPU.ActiveCfg = Debug|Any CPU
		{54E8D79C-FBCF-4EC1-B05D-89C3807E4DBC}.Debug|Any CPU.Build.0 = Debug|Any CPU
		{54E8D79C-FBCF-4EC1-B05D-89C3807E4DBC}.Release|Any CPU.ActiveCfg = Release|Any CPU
		{54E8D79C-FBCF-4EC1-B05D-89C3807E4DBC}.Release|Any CPU.Build.0 = Release|Any CPU
	EndGlobalSection
EndGlobal
